
Microsoft Visual Studio Solution File, Format Version 12.00
Project("{F2A71F9B-5D33-465A-A702-920D77279786}") = "Graphics2D", "Graphics2D\Graphics2D.fsproj", "{DE5EC3CE-93F9-42E4-B29F-91F181E93DFC}"
EndProject
Project("{F2A71F9B-5D33-465A-A702-920D77279786}") = "UnitTests", "UnitTests\UnitTests.fsproj", "{966A8F7B-0252-45A4-AD8A-8D9B15806208}"
EndProject
Project("{F2A71F9B-5D33-465A-A702-920D77279786}") = "Devices", "Devices\Devices.fsproj", "{77E18A87-7F1B-4271-86F7-5AF8D6EF8E80}"
EndProject
Project("{2150E333-8FDC-42A3-9474-1A3956D46DE8}") = "Plugins", "Plugins", "{44DF9982-FC27-4DFA-B680-88C0D3D06148}"
EndProject
Project("{F2A71F9B-5D33-465A-A702-920D77279786}") = "SilkGraphicsOGL", "SilkGraphicsOGL\SilkGraphicsOGL.fsproj", "{1D702A64-41F4-44FA-8DF9-4262DDE58FDB}"
EndProject
Project("{F2A71F9B-5D33-465A-A702-920D77279786}") = "SilkGraphicsSDL", "SilkGraphicsSDL\SilkGraphicsSDL.fsproj", "{2748423F-0730-4196-ADD9-1284AEDC9622}"
EndProject
Project("{F2A71F9B-5D33-465A-A702-920D77279786}") = "SilkInput", "SilkInput\SilkInput.fsproj", "{6BDD2DA6-2058-48EB-8374-0904A38930E3}"
EndProject
Project("{F2A71F9B-5D33-465A-A702-920D77279786}") = "Logger", "Logger\Logger.fsproj", "{B3854763-A0E3-4CEE-9DC8-F1115B63A64D}"
EndProject
Project("{F2A71F9B-5D33-465A-A702-920D77279786}") = "xUnitLogger", "xUnitLogger\xUnitLogger.fsproj", "{8878F819-3EEC-446C-BCA7-3F351784F66D}"
EndProject
Project("{F2A71F9B-5D33-465A-A702-920D77279786}") = "Text", "Text\Text.fsproj", "{65252240-E867-492B-B997-C983FE05806B}"
EndProject
Project("{F2A71F9B-5D33-465A-A702-920D77279786}") = "AngelCodeText", "AngelCodeText\AngelCodeText.fsproj", "{497CE8CE-DF32-4199-90E8-097638B8C450}"
EndProject
Global
	GlobalSection(SolutionConfigurationPlatforms) = preSolution
		Debug|Any CPU = Debug|Any CPU
		Release|Any CPU = Release|Any CPU
	EndGlobalSection
	GlobalSection(ProjectConfigurationPlatforms) = postSolution
		{DE5EC3CE-93F9-42E4-B29F-91F181E93DFC}.Debug|Any CPU.ActiveCfg = Debug|Any CPU
		{DE5EC3CE-93F9-42E4-B29F-91F181E93DFC}.Debug|Any CPU.Build.0 = Debug|Any CPU
		{DE5EC3CE-93F9-42E4-B29F-91F181E93DFC}.Release|Any CPU.ActiveCfg = Release|Any CPU
		{DE5EC3CE-93F9-42E4-B29F-91F181E93DFC}.Release|Any CPU.Build.0 = Release|Any CPU
		{966A8F7B-0252-45A4-AD8A-8D9B15806208}.Debug|Any CPU.ActiveCfg = Debug|Any CPU
		{966A8F7B-0252-45A4-AD8A-8D9B15806208}.Debug|Any CPU.Build.0 = Debug|Any CPU
		{966A8F7B-0252-45A4-AD8A-8D9B15806208}.Release|Any CPU.ActiveCfg = Release|Any CPU
		{966A8F7B-0252-45A4-AD8A-8D9B15806208}.Release|Any CPU.Build.0 = Release|Any CPU
		{77E18A87-7F1B-4271-86F7-5AF8D6EF8E80}.Debug|Any CPU.ActiveCfg = Debug|Any CPU
		{77E18A87-7F1B-4271-86F7-5AF8D6EF8E80}.Debug|Any CPU.Build.0 = Debug|Any CPU
		{77E18A87-7F1B-4271-86F7-5AF8D6EF8E80}.Release|Any CPU.ActiveCfg = Release|Any CPU
		{77E18A87-7F1B-4271-86F7-5AF8D6EF8E80}.Release|Any CPU.Build.0 = Release|Any CPU
		{1D702A64-41F4-44FA-8DF9-4262DDE58FDB}.Debug|Any CPU.ActiveCfg = Debug|Any CPU
		{1D702A64-41F4-44FA-8DF9-4262DDE58FDB}.Debug|Any CPU.Build.0 = Debug|Any CPU
		{1D702A64-41F4-44FA-8DF9-4262DDE58FDB}.Release|Any CPU.ActiveCfg = Release|Any CPU
		{1D702A64-41F4-44FA-8DF9-4262DDE58FDB}.Release|Any CPU.Build.0 = Release|Any CPU
		{2748423F-0730-4196-ADD9-1284AEDC9622}.Debug|Any CPU.ActiveCfg = Debug|Any CPU
		{2748423F-0730-4196-ADD9-1284AEDC9622}.Debug|Any CPU.Build.0 = Debug|Any CPU
		{2748423F-0730-4196-ADD9-1284AEDC9622}.Release|Any CPU.ActiveCfg = Release|Any CPU
		{2748423F-0730-4196-ADD9-1284AEDC9622}.Release|Any CPU.Build.0 = Release|Any CPU
		{6BDD2DA6-2058-48EB-8374-0904A38930E3}.Debug|Any CPU.ActiveCfg = Debug|Any CPU
		{6BDD2DA6-2058-48EB-8374-0904A38930E3}.Debug|Any CPU.Build.0 = Debug|Any CPU
		{6BDD2DA6-2058-48EB-8374-0904A38930E3}.Release|Any CPU.ActiveCfg = Release|Any CPU
		{6BDD2DA6-2058-48EB-8374-0904A38930E3}.Release|Any CPU.Build.0 = Release|Any CPU
		{B3854763-A0E3-4CEE-9DC8-F1115B63A64D}.Debug|Any CPU.ActiveCfg = Debug|Any CPU
		{B3854763-A0E3-4CEE-9DC8-F1115B63A64D}.Debug|Any CPU.Build.0 = Debug|Any CPU
		{B3854763-A0E3-4CEE-9DC8-F1115B63A64D}.Release|Any CPU.ActiveCfg = Release|Any CPU
		{B3854763-A0E3-4CEE-9DC8-F1115B63A64D}.Release|Any CPU.Build.0 = Release|Any CPU
		{8878F819-3EEC-446C-BCA7-3F351784F66D}.Debug|Any CPU.ActiveCfg = Debug|Any CPU
		{8878F819-3EEC-446C-BCA7-3F351784F66D}.Debug|Any CPU.Build.0 = Debug|Any CPU
		{8878F819-3EEC-446C-BCA7-3F351784F66D}.Release|Any CPU.ActiveCfg = Release|Any CPU
		{8878F819-3EEC-446C-BCA7-3F351784F66D}.Release|Any CPU.Build.0 = Release|Any CPU
		{65252240-E867-492B-B997-C983FE05806B}.Debug|Any CPU.ActiveCfg = Debug|Any CPU
		{65252240-E867-492B-B997-C983FE05806B}.Debug|Any CPU.Build.0 = Debug|Any CPU
		{65252240-E867-492B-B997-C983FE05806B}.Release|Any CPU.ActiveCfg = Release|Any CPU
		{65252240-E867-492B-B997-C983FE05806B}.Release|Any CPU.Build.0 = Release|Any CPU
		{497CE8CE-DF32-4199-90E8-097638B8C450}.Debug|Any CPU.ActiveCfg = Debug|Any CPU
		{497CE8CE-DF32-4199-90E8-097638B8C450}.Debug|Any CPU.Build.0 = Debug|Any CPU
		{497CE8CE-DF32-4199-90E8-097638B8C450}.Release|Any CPU.ActiveCfg = Release|Any CPU
		{497CE8CE-DF32-4199-90E8-097638B8C450}.Release|Any CPU.Build.0 = Release|Any CPU
	EndGlobalSection
	GlobalSection(NestedProjects) = preSolution
		{1D702A64-41F4-44FA-8DF9-4262DDE58FDB} = {44DF9982-FC27-4DFA-B680-88C0D3D06148}
		{2748423F-0730-4196-ADD9-1284AEDC9622} = {44DF9982-FC27-4DFA-B680-88C0D3D06148}
		{6BDD2DA6-2058-48EB-8374-0904A38930E3} = {44DF9982-FC27-4DFA-B680-88C0D3D06148}
		{8878F819-3EEC-446C-BCA7-3F351784F66D} = {44DF9982-FC27-4DFA-B680-88C0D3D06148}
		{497CE8CE-DF32-4199-90E8-097638B8C450} = {44DF9982-FC27-4DFA-B680-88C0D3D06148}
	EndGlobalSection
EndGlobal
